
Microsoft Visual Studio Solution File, Format Version 12.00
# Visual Studio Version 16
VisualStudioVersion = 16.0.31205.134
MinimumVisualStudioVersion = 10.0.40219.1
Project("{FAE04EC0-301F-11D3-BF4B-00C04F79EFBC}") = "Banker Algorism (OS)", "Banker Algorism (OS)\Banker Algorism (OS).csproj", "{9E7A9A76-C330-4FE1-AAA5-02162EE8CC87}"
EndProject
Global
	GlobalSection(SolutionConfigurationPlatforms) = preSolution
		Debug|Any CPU = Debug|Any CPU
		Release|Any CPU = Release|Any CPU
	EndGlobalSection
	GlobalSection(ProjectConfigurationPlatforms) = postSolution
		{9E7A9A76-C330-4FE1-AAA5-02162EE8CC87}.Debug|Any CPU.ActiveCfg = Debug|Any CPU
		{9E7A9A76-C330-4FE1-AAA5-02162EE8CC87}.Debug|Any CPU.Build.0 = Debug|Any CPU
		{9E7A9A76-C330-4FE1-AAA5-02162EE8CC87}.Release|Any CPU.ActiveCfg = Release|Any CPU
		{9E7A9A76-C330-4FE1-AAA5-02162EE8CC87}.Release|Any CPU.Build.0 = Release|Any CPU
	EndGlobalSection
	GlobalSection(SolutionProperties) = preSolution
		HideSolutionNode = FALSE
	EndGlobalSection
	GlobalSection(ExtensibilityGlobals) = postSolution
		SolutionGuid = {145927AF-8B27-4BC3-9FAF-64E68822B5D3}
	EndGlobalSection
EndGlobal
